
Microsoft Visual Studio Solution File, Format Version 12.00
# Visual Studio Version 17
VisualStudioVersion = 17.0.31903.59
MinimumVisualStudioVersion = 10.0.40219.1
Project("{FAE04EC0-301F-11D3-BF4B-00C04F79EFBC}") = "API", "API\API.csproj", "{3B346251-D63A-49DB-A971-E9D7A82DB184}"
EndProject
Project("{FAE04EC0-301F-11D3-BF4B-00C04F79EFBC}") = "Application", "Application\Application.csproj", "{965F8A4B-1E69-4A5E-A276-0E129EF5C49C}"
EndProject
Project("{FAE04EC0-301F-11D3-BF4B-00C04F79EFBC}") = "Domain", "Domain\Domain.csproj", "{1C7C571A-3995-4D8C-832A-41A00DD5999E}"
EndProject
Project("{FAE04EC0-301F-11D3-BF4B-00C04F79EFBC}") = "Persistence", "Persistence\Persistence.csproj", "{2AD0CF60-2703-4D9C-8AE9-746FD3C89F70}"
EndProject
Global
	GlobalSection(SolutionConfigurationPlatforms) = preSolution
		Debug|Any CPU = Debug|Any CPU
		Release|Any CPU = Release|Any CPU
	EndGlobalSection
	GlobalSection(SolutionProperties) = preSolution
		HideSolutionNode = FALSE
	EndGlobalSection
	GlobalSection(ProjectConfigurationPlatforms) = postSolution
		{3B346251-D63A-49DB-A971-E9D7A82DB184}.Debug|Any CPU.ActiveCfg = Debug|Any CPU
		{3B346251-D63A-49DB-A971-E9D7A82DB184}.Debug|Any CPU.Build.0 = Debug|Any CPU
		{3B346251-D63A-49DB-A971-E9D7A82DB184}.Release|Any CPU.ActiveCfg = Release|Any CPU
		{3B346251-D63A-49DB-A971-E9D7A82DB184}.Release|Any CPU.Build.0 = Release|Any CPU
		{965F8A4B-1E69-4A5E-A276-0E129EF5C49C}.Debug|Any CPU.ActiveCfg = Debug|Any CPU
		{965F8A4B-1E69-4A5E-A276-0E129EF5C49C}.Debug|Any CPU.Build.0 = Debug|Any CPU
		{965F8A4B-1E69-4A5E-A276-0E129EF5C49C}.Release|Any CPU.ActiveCfg = Release|Any CPU
		{965F8A4B-1E69-4A5E-A276-0E129EF5C49C}.Release|Any CPU.Build.0 = Release|Any CPU
		{1C7C571A-3995-4D8C-832A-41A00DD5999E}.Debug|Any CPU.ActiveCfg = Debug|Any CPU
		{1C7C571A-3995-4D8C-832A-41A00DD5999E}.Debug|Any CPU.Build.0 = Debug|Any CPU
		{1C7C571A-3995-4D8C-832A-41A00DD5999E}.Release|Any CPU.ActiveCfg = Release|Any CPU
		{1C7C571A-3995-4D8C-832A-41A00DD5999E}.Release|Any CPU.Build.0 = Release|Any CPU
		{2AD0CF60-2703-4D9C-8AE9-746FD3C89F70}.Debug|Any CPU.ActiveCfg = Debug|Any CPU
		{2AD0CF60-2703-4D9C-8AE9-746FD3C89F70}.Debug|Any CPU.Build.0 = Debug|Any CPU
		{2AD0CF60-2703-4D9C-8AE9-746FD3C89F70}.Release|Any CPU.ActiveCfg = Release|Any CPU
		{2AD0CF60-2703-4D9C-8AE9-746FD3C89F70}.Release|Any CPU.Build.0 = Release|Any CPU
	EndGlobalSection
EndGlobal
